
Microsoft Visual Studio Solution File, Format Version 12.00
# Visual Studio Version 17
VisualStudioVersion = 17.4.33205.214
MinimumVisualStudioVersion = 10.0.40219.1
Project("{8BC9CEB8-8B4A-11D0-8D11-00A0C91BC942}") = "intro project", "intro project\intro project.vcxproj", "{604EF695-0E2F-4147-B425-4007C81C0CA4}"
EndProject
Global
	GlobalSection(SolutionConfigurationPlatforms) = preSolution
		Debug|x64 = Debug|x64
		Debug|x86 = Debug|x86
		Release|x64 = Release|x64
		Release|x86 = Release|x86
	EndGlobalSection
	GlobalSection(ProjectConfigurationPlatforms) = postSolution
		{604EF695-0E2F-4147-B425-4007C81C0CA4}.Debug|x64.ActiveCfg = Debug|x64
		{604EF695-0E2F-4147-B425-4007C81C0CA4}.Debug|x64.Build.0 = Debug|x64
		{604EF695-0E2F-4147-B425-4007C81C0CA4}.Debug|x86.ActiveCfg = Debug|Win32
		{604EF695-0E2F-4147-B425-4007C81C0CA4}.Debug|x86.Build.0 = Debug|Win32
		{604EF695-0E2F-4147-B425-4007C81C0CA4}.Release|x64.ActiveCfg = Release|x64
		{604EF695-0E2F-4147-B425-4007C81C0CA4}.Release|x64.Build.0 = Release|x64
		{604EF695-0E2F-4147-B425-4007C81C0CA4}.Release|x86.ActiveCfg = Release|Win32
		{604EF695-0E2F-4147-B425-4007C81C0CA4}.Release|x86.Build.0 = Release|Win32
	EndGlobalSection
	GlobalSection(SolutionProperties) = preSolution
		HideSolutionNode = FALSE
	EndGlobalSection
	GlobalSection(ExtensibilityGlobals) = postSolution
		SolutionGuid = {E8131CB1-6DAF-4445-985C-7DD07FD64CC7}
	EndGlobalSection
EndGlobal
